{
  "name": "tutorial",
  "version": "1.0.0",
  "lockfileVersion": 1,
  "requires": true,
  "dependencies": {
    "math-expression-evaluator": {
      "version": "1.3.8",
      "resolved": "https://registry.npmjs.org/math-expression-evaluator/-/math-expression-evaluator-1.3.8.tgz",
      "integrity": "sha512-9FbRY3i6U+CbHgrdNbAUaisjWTozkm1ZfupYQJiZ87NtYHk2Zh9DvxMgp/fifxVhqTLpd5fCCLossUbpZxGeKw=="
    }
  }
}
